
Microsoft Visual Studio Solution File, Format Version 11.00
# Visual Studio 2010
Project("{FAE04EC0-301F-11D3-BF4B-00C04F79EFBC}") = "tests", "tests.csproj", "{1A4A4879-424C-4E27-B8F6-E3323B99DC21}"
EndProject
Project("{2150E333-8FDC-42A3-9474-1A3956D46DE8}") = "Notes", "Notes", "{BE641739-9072-49DE-8190-0397646CA778}"
	ProjectSection(SolutionItems) = preProject
		p4queries.txt = p4queries.txt
		test.ps1 = test.ps1
	EndProjectSection
EndProject
Global
	GlobalSection(SolutionConfigurationPlatforms) = preSolution
		Debug|x86 = Debug|x86
		Release|x86 = Release|x86
	EndGlobalSection
	GlobalSection(ProjectConfigurationPlatforms) = postSolution
		{1A4A4879-424C-4E27-B8F6-E3323B99DC21}.Debug|x86.ActiveCfg = Debug|x86
		{1A4A4879-424C-4E27-B8F6-E3323B99DC21}.Debug|x86.Build.0 = Debug|x86
		{1A4A4879-424C-4E27-B8F6-E3323B99DC21}.Release|x86.ActiveCfg = Release|x86
		{1A4A4879-424C-4E27-B8F6-E3323B99DC21}.Release|x86.Build.0 = Release|x86
	EndGlobalSection
	GlobalSection(SolutionProperties) = preSolution
		HideSolutionNode = FALSE
	EndGlobalSection
EndGlobal
